
Microsoft Visual Studio Solution File, Format Version 12.00
# Visual Studio Version 16
VisualStudioVersion = 16.0.30611.23
MinimumVisualStudioVersion = 10.0.40219.1
Project("{FAE04EC0-301F-11D3-BF4B-00C04F79EFBC}") = "HGV.Gungir", "HGV.Gungir\HGV.Gungir.csproj", "{747B2F2F-A1EC-46DE-8C59-14CC265B6D7F}"
EndProject
Global
	GlobalSection(SolutionConfigurationPlatforms) = preSolution
		Debug|Any CPU = Debug|Any CPU
		Release|Any CPU = Release|Any CPU
	EndGlobalSection
	GlobalSection(ProjectConfigurationPlatforms) = postSolution
		{747B2F2F-A1EC-46DE-8C59-14CC265B6D7F}.Debug|Any CPU.ActiveCfg = Debug|Any CPU
		{747B2F2F-A1EC-46DE-8C59-14CC265B6D7F}.Debug|Any CPU.Build.0 = Debug|Any CPU
		{747B2F2F-A1EC-46DE-8C59-14CC265B6D7F}.Release|Any CPU.ActiveCfg = Release|Any CPU
		{747B2F2F-A1EC-46DE-8C59-14CC265B6D7F}.Release|Any CPU.Build.0 = Release|Any CPU
	EndGlobalSection
	GlobalSection(SolutionProperties) = preSolution
		HideSolutionNode = FALSE
	EndGlobalSection
	GlobalSection(ExtensibilityGlobals) = postSolution
		SolutionGuid = {02F7DE14-AAA9-4FA5-B01E-6077BC116B39}
	EndGlobalSection
EndGlobal
